<Solution>
	<Folder Name="/Solution Items/" />
	<Folder Name="/Solution Items/GitHub Workflows/">
		<File Path=".github/workflows/ci.yml" />
		<File Path=".github/workflows/publish.yml" />
	</Folder>
	<Folder Name="/Solution Items/Specifications/">
		<File Path=".github/Specifications/ci.instructions.md" />
		<File Path=".github/Specifications/copilot-instructions.md" />
		<File Path=".github/Specifications/design.instructions.md" />
		<File Path=".github/Specifications/testing.instructions.md" />
	</Folder>
	<Folder Name="/Solution Items/Specifications/Use Cases/">
		<File Path=".github/Specifications/Tests/CopyTests.md" />
		<File Path=".github/Specifications/Tests/CreateTests.md" />
		<File Path=".github/Specifications/Tests/FlipTests.md" />
		<File Path=".github/Specifications/Tests/InputTests.md" />
		<File Path=".github/Specifications/Tests/OutputTests.md" />
		<File Path=".github/Specifications/Tests/PasteTests.md" />
		<File Path=".github/Specifications/Tests/ResizeTests.md" />
		<File Path=".github/Specifications/Tests/ReverseTests.md" />
		<File Path=".github/Specifications/Tests/RotateTests.md" />
	</Folder>
	<Project Path="Scrapbook.Tests/Scrapbook.Tests.csproj" />
	<Project Path="Scrapbook/Scrapbook.csproj" />
</Solution>
